
Microsoft Visual Studio Solution File, Format Version 12.00
# Visual Studio 15
VisualStudioVersion = 15.0.28307.1209
MinimumVisualStudioVersion = 10.0.40219.1
Project("{9A19103F-16F7-4668-BE54-9A1E7A4F7556}") = "QuickSort", "QuickSort\QuickSort.csproj", "{70FB2BCF-D918-44F2-94A1-4A1AD8E71B20}"
EndProject
Global
	GlobalSection(SolutionConfigurationPlatforms) = preSolution
		Debug|Any CPU = Debug|Any CPU
		Release|Any CPU = Release|Any CPU
	EndGlobalSection
	GlobalSection(ProjectConfigurationPlatforms) = postSolution
		{70FB2BCF-D918-44F2-94A1-4A1AD8E71B20}.Debug|Any CPU.ActiveCfg = Debug|Any CPU
		{70FB2BCF-D918-44F2-94A1-4A1AD8E71B20}.Debug|Any CPU.Build.0 = Debug|Any CPU
		{70FB2BCF-D918-44F2-94A1-4A1AD8E71B20}.Release|Any CPU.ActiveCfg = Release|Any CPU
		{70FB2BCF-D918-44F2-94A1-4A1AD8E71B20}.Release|Any CPU.Build.0 = Release|Any CPU
	EndGlobalSection
	GlobalSection(SolutionProperties) = preSolution
		HideSolutionNode = FALSE
	EndGlobalSection
	GlobalSection(ExtensibilityGlobals) = postSolution
		SolutionGuid = {577E375B-5663-499C-B131-665C406A81C9}
	EndGlobalSection
EndGlobal
